
Microsoft Visual Studio Solution File, Format Version 12.00
# Visual Studio 2013
VisualStudioVersion = 12.0.30723.0
MinimumVisualStudioVersion = 10.0.40219.1
Project("{FAE04EC0-301F-11D3-BF4B-00C04F79EFBC}") = "WinFormsTest", "WinFormsTest\WinFormsTest.csproj", "{4FAACB0B-D354-4BCA-AA31-871F8A325D3F}"
EndProject
Project("{FAE04EC0-301F-11D3-BF4B-00C04F79EFBC}") = "Infrastructure.Forms", "Infrastructure\Infrastructure.Forms.csproj", "{9E6384FE-BA1E-493C-BBFD-68CBB067A243}"
EndProject
Project("{FAE04EC0-301F-11D3-BF4B-00C04F79EFBC}") = "Infrastructure.Forms.DependencyInjection", "Infrastructure.Forms.DependencyInjection\Infrastructure.Forms.DependencyInjection.csproj", "{BB75B952-5DB5-43B7-A756-275BB85700D7}"
EndProject
Global
	GlobalSection(SolutionConfigurationPlatforms) = preSolution
		Debug|Any CPU = Debug|Any CPU
		Release|Any CPU = Release|Any CPU
	EndGlobalSection
	GlobalSection(ProjectConfigurationPlatforms) = postSolution
		{4FAACB0B-D354-4BCA-AA31-871F8A325D3F}.Debug|Any CPU.ActiveCfg = Debug|Any CPU
		{4FAACB0B-D354-4BCA-AA31-871F8A325D3F}.Debug|Any CPU.Build.0 = Debug|Any CPU
		{4FAACB0B-D354-4BCA-AA31-871F8A325D3F}.Release|Any CPU.ActiveCfg = Release|Any CPU
		{4FAACB0B-D354-4BCA-AA31-871F8A325D3F}.Release|Any CPU.Build.0 = Release|Any CPU
		{9E6384FE-BA1E-493C-BBFD-68CBB067A243}.Debug|Any CPU.ActiveCfg = Debug|Any CPU
		{9E6384FE-BA1E-493C-BBFD-68CBB067A243}.Debug|Any CPU.Build.0 = Debug|Any CPU
		{9E6384FE-BA1E-493C-BBFD-68CBB067A243}.Release|Any CPU.ActiveCfg = Release|Any CPU
		{9E6384FE-BA1E-493C-BBFD-68CBB067A243}.Release|Any CPU.Build.0 = Release|Any CPU
		{BB75B952-5DB5-43B7-A756-275BB85700D7}.Debug|Any CPU.ActiveCfg = Debug|Any CPU
		{BB75B952-5DB5-43B7-A756-275BB85700D7}.Debug|Any CPU.Build.0 = Debug|Any CPU
		{BB75B952-5DB5-43B7-A756-275BB85700D7}.Release|Any CPU.ActiveCfg = Release|Any CPU
		{BB75B952-5DB5-43B7-A756-275BB85700D7}.Release|Any CPU.Build.0 = Release|Any CPU
	EndGlobalSection
	GlobalSection(SolutionProperties) = preSolution
		HideSolutionNode = FALSE
	EndGlobalSection
EndGlobal
